
Microsoft Visual Studio Solution File, Format Version 12.00
# Visual Studio Version 17
VisualStudioVersion = 17.2.32630.192
MinimumVisualStudioVersion = 10.0.40219.1
Project("{FAE04EC0-301F-11D3-BF4B-00C04F79EFBC}") = "Quad64", "Quad64.csproj", "{3631DD2F-8936-4A3C-BC24-5D8909D672C1}"
EndProject
Global
	GlobalSection(SolutionConfigurationPlatforms) = preSolution
		Debug|Any CPU = Debug|Any CPU
		Release|Any CPU = Release|Any CPU
	EndGlobalSection
	GlobalSection(ProjectConfigurationPlatforms) = postSolution
		{3631DD2F-8936-4A3C-BC24-5D8909D672C1}.Debug|Any CPU.ActiveCfg = Debug|Any CPU
		{3631DD2F-8936-4A3C-BC24-5D8909D672C1}.Debug|Any CPU.Build.0 = Debug|Any CPU
		{3631DD2F-8936-4A3C-BC24-5D8909D672C1}.Release|Any CPU.ActiveCfg = Release|Any CPU
		{3631DD2F-8936-4A3C-BC24-5D8909D672C1}.Release|Any CPU.Build.0 = Release|Any CPU
	EndGlobalSection
	GlobalSection(SolutionProperties) = preSolution
		HideSolutionNode = FALSE
	EndGlobalSection
	GlobalSection(ExtensibilityGlobals) = postSolution
		SolutionGuid = {A7701BF9-C2D9-42EC-99AC-5F5C89E18856}
	EndGlobalSection
EndGlobal
